
Microsoft Visual Studio Solution File, Format Version 12.00
# Visual Studio 14
VisualStudioVersion = 14.0.25123.0
MinimumVisualStudioVersion = 10.0.40219.1
Project("{FAE04EC0-301F-11D3-BF4B-00C04F79EFBC}") = "EFConsole", "EFConsole\EFConsole.csproj", "{4B5A0525-29AF-424E-91F6-DB00818A35C6}"
EndProject
Project("{FAE04EC0-301F-11D3-BF4B-00C04F79EFBC}") = "ConsoleApplication1", "ConsoleApplication1\ConsoleApplication1.csproj", "{5A4EF033-F089-41DC-95F8-C11A6277AE42}"
EndProject
Project("{FAE04EC0-301F-11D3-BF4B-00C04F79EFBC}") = "ConsoleApplication2", "ConsoleApplication2\ConsoleApplication2.csproj", "{F9F7D20A-FC4B-443E-BAC9-6280BA9F2D32}"
EndProject
Project("{FAE04EC0-301F-11D3-BF4B-00C04F79EFBC}") = "POCOGen", "POCOGen\POCOGen.csproj", "{2D6A62C0-3675-4662-B940-43655EAEDF9C}"
EndProject
Global
	GlobalSection(SolutionConfigurationPlatforms) = preSolution
		Debug|Any CPU = Debug|Any CPU
		Release|Any CPU = Release|Any CPU
	EndGlobalSection
	GlobalSection(ProjectConfigurationPlatforms) = postSolution
		{4B5A0525-29AF-424E-91F6-DB00818A35C6}.Debug|Any CPU.ActiveCfg = Debug|Any CPU
		{4B5A0525-29AF-424E-91F6-DB00818A35C6}.Debug|Any CPU.Build.0 = Debug|Any CPU
		{4B5A0525-29AF-424E-91F6-DB00818A35C6}.Release|Any CPU.ActiveCfg = Release|Any CPU
		{4B5A0525-29AF-424E-91F6-DB00818A35C6}.Release|Any CPU.Build.0 = Release|Any CPU
		{5A4EF033-F089-41DC-95F8-C11A6277AE42}.Debug|Any CPU.ActiveCfg = Debug|Any CPU
		{5A4EF033-F089-41DC-95F8-C11A6277AE42}.Debug|Any CPU.Build.0 = Debug|Any CPU
		{5A4EF033-F089-41DC-95F8-C11A6277AE42}.Release|Any CPU.ActiveCfg = Release|Any CPU
		{5A4EF033-F089-41DC-95F8-C11A6277AE42}.Release|Any CPU.Build.0 = Release|Any CPU
		{F9F7D20A-FC4B-443E-BAC9-6280BA9F2D32}.Debug|Any CPU.ActiveCfg = Debug|Any CPU
		{F9F7D20A-FC4B-443E-BAC9-6280BA9F2D32}.Debug|Any CPU.Build.0 = Debug|Any CPU
		{F9F7D20A-FC4B-443E-BAC9-6280BA9F2D32}.Release|Any CPU.ActiveCfg = Release|Any CPU
		{F9F7D20A-FC4B-443E-BAC9-6280BA9F2D32}.Release|Any CPU.Build.0 = Release|Any CPU
		{2D6A62C0-3675-4662-B940-43655EAEDF9C}.Debug|Any CPU.ActiveCfg = Debug|Any CPU
		{2D6A62C0-3675-4662-B940-43655EAEDF9C}.Debug|Any CPU.Build.0 = Debug|Any CPU
		{2D6A62C0-3675-4662-B940-43655EAEDF9C}.Release|Any CPU.ActiveCfg = Release|Any CPU
		{2D6A62C0-3675-4662-B940-43655EAEDF9C}.Release|Any CPU.Build.0 = Release|Any CPU
	EndGlobalSection
	GlobalSection(SolutionProperties) = preSolution
		HideSolutionNode = FALSE
	EndGlobalSection
EndGlobal
